
Microsoft Visual Studio Solution File, Format Version 12.00
# Visual Studio Version 16
VisualStudioVersion = 16.0.30804.86
MinimumVisualStudioVersion = 10.0.40219.1
Project("{9A19103F-16F7-4668-BE54-9A1E7A4F7556}") = "Entities", "Entities\Entities.csproj", "{1106B2EA-AC19-4AC9-AAD9-F7D9528C81AE}"
EndProject
Project("{9A19103F-16F7-4668-BE54-9A1E7A4F7556}") = "DataAccess", "DataAccess\DataAccess.csproj", "{00BD1C35-D49E-41E4-AF93-32E95531CF71}"
EndProject
Project("{9A19103F-16F7-4668-BE54-9A1E7A4F7556}") = "Business", "Business\Business.csproj", "{AD34E14C-7FFC-4961-8311-6F908F861C5A}"
EndProject
Project("{9A19103F-16F7-4668-BE54-9A1E7A4F7556}") = "ConsoleUI", "Console\ConsoleUI.csproj", "{9A0C7323-DE5C-493F-8356-DF8D21731BC7}"
EndProject
Project("{9A19103F-16F7-4668-BE54-9A1E7A4F7556}") = "Core", "C:\Users\LENOVO\source\repos\FinalProject\Core\Core.csproj", "{D15B7786-94F1-410D-9EE6-A213A25A00BE}"
EndProject
Project("{9A19103F-16F7-4668-BE54-9A1E7A4F7556}") = "WebAPI", "WebAPI\WebAPI.csproj", "{1E3C03C9-D2E8-43B7-8D11-A8155DEA0AB4}"
EndProject
Global
	GlobalSection(SolutionConfigurationPlatforms) = preSolution
		Debug|Any CPU = Debug|Any CPU
		Release|Any CPU = Release|Any CPU
	EndGlobalSection
	GlobalSection(ProjectConfigurationPlatforms) = postSolution
		{1106B2EA-AC19-4AC9-AAD9-F7D9528C81AE}.Debug|Any CPU.ActiveCfg = Debug|Any CPU
		{1106B2EA-AC19-4AC9-AAD9-F7D9528C81AE}.Debug|Any CPU.Build.0 = Debug|Any CPU
		{1106B2EA-AC19-4AC9-AAD9-F7D9528C81AE}.Release|Any CPU.ActiveCfg = Release|Any CPU
		{1106B2EA-AC19-4AC9-AAD9-F7D9528C81AE}.Release|Any CPU.Build.0 = Release|Any CPU
		{00BD1C35-D49E-41E4-AF93-32E95531CF71}.Debug|Any CPU.ActiveCfg = Debug|Any CPU
		{00BD1C35-D49E-41E4-AF93-32E95531CF71}.Debug|Any CPU.Build.0 = Debug|Any CPU
		{00BD1C35-D49E-41E4-AF93-32E95531CF71}.Release|Any CPU.ActiveCfg = Release|Any CPU
		{00BD1C35-D49E-41E4-AF93-32E95531CF71}.Release|Any CPU.Build.0 = Release|Any CPU
		{AD34E14C-7FFC-4961-8311-6F908F861C5A}.Debug|Any CPU.ActiveCfg = Debug|Any CPU
		{AD34E14C-7FFC-4961-8311-6F908F861C5A}.Debug|Any CPU.Build.0 = Debug|Any CPU
		{AD34E14C-7FFC-4961-8311-6F908F861C5A}.Release|Any CPU.ActiveCfg = Release|Any CPU
		{AD34E14C-7FFC-4961-8311-6F908F861C5A}.Release|Any CPU.Build.0 = Release|Any CPU
		{9A0C7323-DE5C-493F-8356-DF8D21731BC7}.Debug|Any CPU.ActiveCfg = Debug|Any CPU
		{9A0C7323-DE5C-493F-8356-DF8D21731BC7}.Debug|Any CPU.Build.0 = Debug|Any CPU
		{9A0C7323-DE5C-493F-8356-DF8D21731BC7}.Release|Any CPU.ActiveCfg = Release|Any CPU
		{9A0C7323-DE5C-493F-8356-DF8D21731BC7}.Release|Any CPU.Build.0 = Release|Any CPU
		{D15B7786-94F1-410D-9EE6-A213A25A00BE}.Debug|Any CPU.ActiveCfg = Debug|Any CPU
		{D15B7786-94F1-410D-9EE6-A213A25A00BE}.Debug|Any CPU.Build.0 = Debug|Any CPU
		{D15B7786-94F1-410D-9EE6-A213A25A00BE}.Release|Any CPU.ActiveCfg = Release|Any CPU
		{D15B7786-94F1-410D-9EE6-A213A25A00BE}.Release|Any CPU.Build.0 = Release|Any CPU
		{1E3C03C9-D2E8-43B7-8D11-A8155DEA0AB4}.Debug|Any CPU.ActiveCfg = Debug|Any CPU
		{1E3C03C9-D2E8-43B7-8D11-A8155DEA0AB4}.Debug|Any CPU.Build.0 = Debug|Any CPU
		{1E3C03C9-D2E8-43B7-8D11-A8155DEA0AB4}.Release|Any CPU.ActiveCfg = Release|Any CPU
		{1E3C03C9-D2E8-43B7-8D11-A8155DEA0AB4}.Release|Any CPU.Build.0 = Release|Any CPU
	EndGlobalSection
	GlobalSection(SolutionProperties) = preSolution
		HideSolutionNode = FALSE
	EndGlobalSection
	GlobalSection(ExtensibilityGlobals) = postSolution
		SolutionGuid = {CA8192E6-B693-48C4-810F-23D7FF10DCCA}
	EndGlobalSection
EndGlobal
